
Microsoft Visual Studio Solution File, Format Version 12.00
# Visual Studio Version 16
VisualStudioVersion = 16.0.29613.14
MinimumVisualStudioVersion = 10.0.40219.1
Project("{8BC9CEB8-8B4A-11D0-8D11-00A0C91BC942}") = "CodeCoverageMiniStompInjection", "CodeCoverageMiniStompInjection\CodeCoverageMiniStompInjection.vcxproj", "{0DAF446C-3714-4584-BB25-FC5F0879E861}"
EndProject
Global
	GlobalSection(SolutionConfigurationPlatforms) = preSolution
		Debug|x64 = Debug|x64
		Debug|x86 = Debug|x86
		Release|x64 = Release|x64
		Release|x86 = Release|x86
	EndGlobalSection
	GlobalSection(ProjectConfigurationPlatforms) = postSolution
		{0DAF446C-3714-4584-BB25-FC5F0879E861}.Debug|x64.ActiveCfg = Debug|x64
		{0DAF446C-3714-4584-BB25-FC5F0879E861}.Debug|x64.Build.0 = Debug|x64
		{0DAF446C-3714-4584-BB25-FC5F0879E861}.Debug|x86.ActiveCfg = Debug|Win32
		{0DAF446C-3714-4584-BB25-FC5F0879E861}.Debug|x86.Build.0 = Debug|Win32
		{0DAF446C-3714-4584-BB25-FC5F0879E861}.Release|x64.ActiveCfg = Release|x64
		{0DAF446C-3714-4584-BB25-FC5F0879E861}.Release|x64.Build.0 = Release|x64
		{0DAF446C-3714-4584-BB25-FC5F0879E861}.Release|x86.ActiveCfg = Release|Win32
		{0DAF446C-3714-4584-BB25-FC5F0879E861}.Release|x86.Build.0 = Release|Win32
	EndGlobalSection
	GlobalSection(SolutionProperties) = preSolution
		HideSolutionNode = FALSE
	EndGlobalSection
	GlobalSection(ExtensibilityGlobals) = postSolution
		SolutionGuid = {717FCA4C-C5AC-48C8-BFD4-D1D7FE0AF7F4}
	EndGlobalSection
EndGlobal
